
Microsoft Visual Studio Solution File, Format Version 12.00
# Visual Studio Version 16
VisualStudioVersion = 16.0.29926.136
MinimumVisualStudioVersion = 10.0.40219.1
Project("{FAE04EC0-301F-11D3-BF4B-00C04F79EFBC}") = "Tutorial2", "Tutorial2.csproj", "{3479FDFF-A566-44F8-8EB0-CDB972C973A5}"
EndProject
Global
	GlobalSection(SolutionConfigurationPlatforms) = preSolution
		Debug|Any CPU = Debug|Any CPU
		Release|Any CPU = Release|Any CPU
	EndGlobalSection
	GlobalSection(ProjectConfigurationPlatforms) = postSolution
		{3479FDFF-A566-44F8-8EB0-CDB972C973A5}.Debug|Any CPU.ActiveCfg = Debug|Any CPU
		{3479FDFF-A566-44F8-8EB0-CDB972C973A5}.Debug|Any CPU.Build.0 = Debug|Any CPU
		{3479FDFF-A566-44F8-8EB0-CDB972C973A5}.Release|Any CPU.ActiveCfg = Release|Any CPU
		{3479FDFF-A566-44F8-8EB0-CDB972C973A5}.Release|Any CPU.Build.0 = Release|Any CPU
	EndGlobalSection
	GlobalSection(SolutionProperties) = preSolution
		HideSolutionNode = FALSE
	EndGlobalSection
	GlobalSection(ExtensibilityGlobals) = postSolution
		SolutionGuid = {A2884F75-E77B-43D8-852A-5D5F13425FEB}
	EndGlobalSection
EndGlobal
